
Microsoft Visual Studio Solution File, Format Version 12.00
# Visual Studio Version 17
VisualStudioVersion = 17.9.34723.18
MinimumVisualStudioVersion = 10.0.40219.1
Project("{8BC9CEB8-8B4A-11D0-8D11-00A0C91BC942}") = "loader_stub", "loader_stub.vcxproj", "{0EBFB928-A1DD-4ACC-AC92-9B225DF2B4FC}"
EndProject
Global
	GlobalSection(SolutionConfigurationPlatforms) = preSolution
		Debug|x64 = Debug|x64
		Debug|x86 = Debug|x86
		Release|x64 = Release|x64
		Release|x86 = Release|x86
	EndGlobalSection
	GlobalSection(ProjectConfigurationPlatforms) = postSolution
		{0EBFB928-A1DD-4ACC-AC92-9B225DF2B4FC}.Debug|x64.ActiveCfg = Debug|x64
		{0EBFB928-A1DD-4ACC-AC92-9B225DF2B4FC}.Debug|x64.Build.0 = Debug|x64
		{0EBFB928-A1DD-4ACC-AC92-9B225DF2B4FC}.Debug|x86.ActiveCfg = Debug|Win32
		{0EBFB928-A1DD-4ACC-AC92-9B225DF2B4FC}.Debug|x86.Build.0 = Debug|Win32
		{0EBFB928-A1DD-4ACC-AC92-9B225DF2B4FC}.Release|x64.ActiveCfg = Release|x64
		{0EBFB928-A1DD-4ACC-AC92-9B225DF2B4FC}.Release|x64.Build.0 = Release|x64
		{0EBFB928-A1DD-4ACC-AC92-9B225DF2B4FC}.Release|x86.ActiveCfg = Release|Win32
		{0EBFB928-A1DD-4ACC-AC92-9B225DF2B4FC}.Release|x86.Build.0 = Release|Win32
	EndGlobalSection
	GlobalSection(SolutionProperties) = preSolution
		HideSolutionNode = FALSE
	EndGlobalSection
	GlobalSection(ExtensibilityGlobals) = postSolution
		SolutionGuid = {CB099BE3-4D7A-483C-A160-2B9E3B37A222}
	EndGlobalSection
EndGlobal
